hash: 8ec66329860f5148a9adad307baa84e8d478a20dd7ef914ef6c8ef9eddd3167c
updated: 2017-12-08T22:11:55.811047-02:00
imports:
- name: github.com/alexflint/go-arg
  version: cef6506c97e5731da728c374ff3523e481026423
- name: github.com/alexflint/go-scalar
  version: 45e5d6cd8605faef82fda2bacc59e734a0b6f1f0
- name: github.com/aws/aws-sdk-go
  version: 6e00e954421b0deeec5b07d99f256f58eda69907
  subpackages:
  - aws
  - aws/session
  - service/route53
- name: github.com/pkg/errors
  version: 645ef00459ed84a119197bfb8d8205042c6df63d
- name: github.com/rs/zerolog
  version: 3ac71fc58dbd43122668a912b755b0979ba9ce1f
  subpackages:
  - internal/json
testImports: []
